{
  "version": "2",
  "remote": {
    "https://deno.land/std@0.192.0/semver/_shared.ts": "7101b4118e96b8c7b600d54a8455d93afd96eaf43a69a3bff34513890ac264ae",
    "https://deno.land/std@0.192.0/semver/cmp.ts": "4faca58ad459a8c7663ac84ed8410fb5cf932042969f5c25d285f319456d55c1",
    "https://deno.land/std@0.192.0/semver/comparator_format.ts": "329e05d914c064590ded4801fc601bf1c5d0f461c5524b1578e10f180551ef6f",
    "https://deno.land/std@0.192.0/semver/comparator_intersects.ts": "61920121a6c1600306dbcf8944c4cc55e45c3a1bdbefe41b79a0884bf02d9e1b",
    "https://deno.land/std@0.192.0/semver/comparator_max.ts": "f4cc5f528abd8aab68c66bbead732e3c59102b13a318cd8e4f8a47aa3debec76",
    "https://deno.land/std@0.192.0/semver/comparator_min.ts": "eea382428ebf0c50168f780898df8519c88da5a10d1f8babbfebdc89fb75942e",
    "https://deno.land/std@0.192.0/semver/compare.ts": "503bb7b0ca67b722a0a8a5570486c20eb27ed9bc2316f25699fbd6317a3233ac",
    "https://deno.land/std@0.192.0/semver/compare_build.ts": "dc315387ffba691206be83bb4195dff23af6df9983cf8dfb91c29e3f62b9bdca",
    "https://deno.land/std@0.192.0/semver/constants.ts": "bb0c7652c433c7ec1dad5bf18c7e7e1557efe9ddfd5e70aa6305153e76dc318c",
    "https://deno.land/std@0.192.0/semver/difference.ts": "b86b72f75308c0ab78a41bc676bdca0d933d75e0be8b06dafdc393689e70497f",
    "https://deno.land/std@0.192.0/semver/eq.ts": "b8fc7184507423a2448f4b052fc4d9090bf316807b3c9c930afc3775d7a3f3a5",
    "https://deno.land/std@0.192.0/semver/format.ts": "236cc8b5d2e8031258dcff3ca89e14ba926434d5b789730e2c781db172e76bd9",
    "https://deno.land/std@0.192.0/semver/gt.ts": "2f20b21456179b3ac034656a09b5c259bf52dc2626a941ca038be5d201c415be",
    "https://deno.land/std@0.192.0/semver/gte.ts": "d1ed0195a2b38ef0df586374eac4ad860d3b7e181ec1683e734912ce795aaddb",
    "https://deno.land/std@0.192.0/semver/gtr.ts": "b0442acf1d52ceb337ec4f82afaa0da3b5251a9a08f4f0b8839ca4629d617078",
    "https://deno.land/std@0.192.0/semver/increment.ts": "e41ffc906ea1d57e66987aa1b18ba1d0223d6fb0cd806448d012e4f8117e8513",
    "https://deno.land/std@0.192.0/semver/is_semver.ts": "b21011d2afea366576bd283705df7515e8c85f5d03015aca83bc5a721f0cf344",
    "https://deno.land/std@0.192.0/semver/is_semver_comparator.ts": "120ad68896e3481dbcda81ddd914c10d3fc891fe62cc99028cb69ebfa6c1427c",
    "https://deno.land/std@0.192.0/semver/is_semver_range.ts": "0ea096e1edcb8e95200d3bee549c97b53e93ac60d4c2b3601ad7a01f27a0f4da",
    "https://deno.land/std@0.192.0/semver/lt.ts": "c8711ffa1c40a3f98921b9bf0d80b59970d8cbc0a12696ebccacf6bccfa9dcc8",
    "https://deno.land/std@0.192.0/semver/lte.ts": "721e5f9d353ecea757c1d5d42f4f6699d46cd24cdbd45b2bf88efdf82c0eaac4",
    "https://deno.land/std@0.192.0/semver/ltr.ts": "2a10f426605408adcb6cb62e65e871eb6b235d74cbcc2160e58207751e7ca11d",
    "https://deno.land/std@0.192.0/semver/max_satisfying.ts": "a8c550100582a9ad2f68026edef8a5ed09debbda0a65d28dceea302508aee41a",
    "https://deno.land/std@0.192.0/semver/min_satisfying.ts": "04331cc956f55bc6d14f911ff2561dbab81e1218bfe6a080fe520b999e33e693",
    "https://deno.land/std@0.192.0/semver/mod.ts": "79eaeb8015f3f34a34b1e2a98f524dbd5a9a5d7fa1d977cdfc5d6157965e8920",
    "https://deno.land/std@0.192.0/semver/neq.ts": "c4116ac01149c4c090bdb5da2bbf946d1f9d74634c97486f3d7e55e75bb35bb0",
    "https://deno.land/std@0.192.0/semver/outside.ts": "3ca074513c6f5ac4b3e9c0eda2deb3a83cdfcecc589f1ec69786d41f47885a89",
    "https://deno.land/std@0.192.0/semver/parse.ts": "190dab1b5231da1fa6ec40567f58550209e7304dcb655fd8ae46eb7c2966a82b",
    "https://deno.land/std@0.192.0/semver/parse_comparator.ts": "f07f9be8322b1f61a36b94c3c65a0dc4124958ee54cf744c92ca4028bf156d5e",
    "https://deno.land/std@0.192.0/semver/parse_range.ts": "39a18608a8026004b218ef383e7ae624a9e663b82327948c1810f16d875113c2",
    "https://deno.land/std@0.192.0/semver/range_format.ts": "3de31fd0b74dd565e052840e73a8e9ee1d9d289ca60b85749167710b978cc078",
    "https://deno.land/std@0.192.0/semver/range_intersects.ts": "e646300d9a10868ae51dc70399c1eee31a503f24610506146eadbeac6bcc6777",
    "https://deno.land/std@0.192.0/semver/range_max.ts": "9c10c65bbc7796347ce6f765a77865cead88870d17481ac78259400a2378af2e",
    "https://deno.land/std@0.192.0/semver/range_min.ts": "b7849e70e0b0677b382eddaa822b6690521449a659c5b8ec84cbd438f6e6ca59",
    "https://deno.land/std@0.192.0/semver/rcompare.ts": "fe4e95bf671bd119df89bc4dd9ceb3fdcc95bad543a78fa3b8ae67ce6b54bc03",
    "https://deno.land/std@0.192.0/semver/rsort.ts": "d4bfa2b9fffa6e1afddeead68c7cb470ed932b3846acf45eccde2b46be021644",
    "https://deno.land/std@0.192.0/semver/sort.ts": "301d18f7f96f9e46bb6d0327d3d97579fa2d49558c185a0a5035b8e6fbd4a73b",
    "https://deno.land/std@0.192.0/semver/test_comparator.ts": "eff5394cb82d133ed18f96fe547de7e7264bf0d25d16cbc6126664aa06ef8f37",
    "https://deno.land/std@0.192.0/semver/test_range.ts": "b236c276268e92bbbc65e7c4b4b6b685ea6b4534a71b2525b53093d094f631c6",
    "https://deno.land/std@0.192.0/semver/try_parse.ts": "fc7eeafc18686563b0cc35b518eda57690e513e634527a0ff48c600ba7798ce4",
    "https://deno.land/std@0.192.0/semver/try_parse_range.ts": "49be2271c4c07374fc2d986d5212fab7bb1f49daa485141e9bedd78d851ca5ca",
    "https://deno.land/std@0.192.0/semver/types.ts": "d44f442c2f27dd89bd6695b369e310b80549746f03c38f241fe28a83b33dd429"
  }
}
